{
  "name": "lr-svg-scripts",
  "version": "1.0.0",
  "lockfileVersion": 1,
  "requires": true,
  "dependencies": {
    "sax": {
      "version": "1.2.4",
      "resolved": "https://registry.npmjs.org/sax/-/sax-1.2.4.tgz",
      "integrity": "sha512-NqVDv9TpANUjFm0N8uM5GxL36UgKi9/atZw+x7YFnQ8ckwFGKrl4xX4yWtrey3UJm5nP1kUbnYgLopqWNSRhWw=="
    },
    "svg-path-parser": {
      "version": "1.1.0",
      "resolved": "https://registry.npmjs.org/svg-path-parser/-/svg-path-parser-1.1.0.tgz",
      "integrity": "sha1-4WtLOd8NKw056DR9t5/doUU6YEY="
    },
    "svg-path-to-polygons": {
      "version": "0.1.0",
      "resolved": "https://registry.npmjs.org/svg-path-to-polygons/-/svg-path-to-polygons-0.1.0.tgz",
      "integrity": "sha512-+4wNVtS1XHf8CZOxKdO8dfnJAAcE4kk+/HlMq6teVZBQPav9bfxX4SHyxh1pYEdg2zu/Gp+JwWTSxKAGdVvlWA==",
      "requires": {
        "svg-path-parser": "1.1.0"
      }
    },
    "svgpath": {
      "version": "2.2.1",
      "resolved": "https://registry.npmjs.org/svgpath/-/svgpath-2.2.1.tgz",
      "integrity": "sha1-CDS7Z8iadkcrK9BswQH6e1F7Iiw="
    },
    "xml2js": {
      "version": "0.4.19",
      "resolved": "https://registry.npmjs.org/xml2js/-/xml2js-0.4.19.tgz",
      "integrity": "sha512-esZnJZJOiJR9wWKMyuvSE1y6Dq5LCuJanqhxslH2bxM6duahNZ+HMpCLhBQGZkbX6xRf8x1Y2eJlgt2q3qo49Q==",
      "requires": {
        "sax": "1.2.4",
        "xmlbuilder": "9.0.7"
      }
    },
    "xmlbuilder": {
      "version": "9.0.7",
      "resolved": "https://registry.npmjs.org/xmlbuilder/-/xmlbuilder-9.0.7.tgz",
      "integrity": "sha1-Ey7mPS7FVlxVfiD0wi35rKaGsQ0="
    }
  }
}
